// !$*UTF8*$!
{
	archiveVersion = 1;
	classes = {
	};
	objectVersion = 46;
	objects = {

/* Begin PBXBuildFile section */
		148305171FE2F8B8007F813D /* ShowDiaryViewController.swift in Sources */ = {isa = PBXBuildFile; fileRef = 148305161FE2F8B8007F813D /* ShowDiaryViewController.swift */; };
		14D874791FE353FC005BB52A /* ShowDiaryCollectionViewCell.swift in Sources */ = {isa = PBXBuildFile; fileRef = 14D874781FE353FC005BB52A /* ShowDiaryCollectionViewCell.swift */; };
		14D8747B1FE354E1005BB52A /* DiaryModel.swift in Sources */ = {isa = PBXBuildFile; fileRef = 14D8747A1FE354E1005BB52A /* DiaryModel.swift */; };
		14E4CEAC1FE2EE300069A1A2 /* CreateDiaryViewController.swift in Sources */ = {isa = PBXBuildFile; fileRef = 14E4CEAB1FE2EE300069A1A2 /* CreateDiaryViewController.swift */; };
		7B197B643D0BB13B31383274 /* Pods_Project5.framework in Frameworks */ = {isa = PBXBuildFile; fileRef = 57AB9133527887F15C13700E /* Pods_Project5.framework */; };
		873C85851F2632DD00E9697F /* AppDelegate.swift in Sources */ = {isa = PBXBuildFile; fileRef = 873C85841F2632DD00E9697F /* AppDelegate.swift */; };
		873C85871F2632DD00E9697F /* HomePageViewController.swift in Sources */ = {isa = PBXBuildFile; fileRef = 873C85861F2632DD00E9697F /* HomePageViewController.swift */; };
		873C858A1F2632DD00E9697F /* Main.storyboard in Resources */ = {isa = PBXBuildFile; fileRef = 873C85881F2632DD00E9697F /* Main.storyboard */; };
		873C858C1F2632DD00E9697F /* Assets.xcassets in Resources */ = {isa = PBXBuildFile; fileRef = 873C858B1F2632DD00E9697F /* Assets.xcassets */; };
		873C858F1F2632DD00E9697F /* LaunchScreen.storyboard in Resources */ = {isa = PBXBuildFile; fileRef = 873C858D1F2632DD00E9697F /* LaunchScreen.storyboard */; };
		873C859A1F2632DD00E9697F /* Project5Tests.swift in Sources */ = {isa = PBXBuildFile; fileRef = 873C85991F2632DD00E9697F /* Project5Tests.swift */; };
		873C85A51F2632DE00E9697F /* Project5UITests.swift in Sources */ = {isa = PBXBuildFile; fileRef = 873C85A41F2632DE00E9697F /* Project5UITests.swift */; };
		873C85B41F263B0100E9697F /* RestaurantListViewController.swift in Sources */ = {isa = PBXBuildFile; fileRef = 873C85B31F263B0100E9697F /* RestaurantListViewController.swift */; };
		873C85B61F26454500E9697F /* AddRestaurantViewController.swift in Sources */ = {isa = PBXBuildFile; fileRef = 873C85B51F26454500E9697F /* AddRestaurantViewController.swift */; };
		877251E81F2B972E00F3C92B /* RestaurantModel.swift in Sources */ = {isa = PBXBuildFile; fileRef = 877251E71F2B972E00F3C92B /* RestaurantModel.swift */; };
		877251F01F2BC4FE00F3C92B /* SearchResultViewController.swift in Sources */ = {isa = PBXBuildFile; fileRef = 877251EF1F2BC4FE00F3C92B /* SearchResultViewController.swift */; };
		87D14E591F2A73B70005C40D /* Project5.xcdatamodel in Sources */ = {isa = PBXBuildFile; fileRef = 87D14E581F2A73B70005C40D /* Project5.xcdatamodel */; };
		87D14E5B1F2A83A20005C40D /* RestaurantListTableViewCell.swift in Sources */ = {isa = PBXBuildFile; fileRef = 87D14E5A1F2A83A20005C40D /* RestaurantListTableViewCell.swift */; };
		ACF0FF10CB2A3B7F57DC5DC5 /* Pods_Project5Tests.framework in Frameworks */ = {isa = PBXBuildFile; fileRef = C0C75F19378B4B4AD9BE101E /* Pods_Project5Tests.framework */; };
		E76774338FC549CA9EDC76C7 /* Pods_Project5UITests.framework in Frameworks */ = {isa = PBXBuildFile; fileRef = 7BC8885EE955D981D54BCAE6 /* Pods_Project5UITests.framework */; };
/* End PBXBuildFile section */

/* Begin PBXContainerItemProxy section */
		873C85961F2632DD00E9697F /* PBXContainerItemProxy */ = {
			isa = PBXContainerItemProxy;
			containerPortal = 873C85791F2632DD00E9697F /* Project object */;
			proxyType = 1;
			remoteGlobalIDString = 873C85801F2632DD00E9697F;
			remoteInfo = Project5;
		};
		873C85A11F2632DE00E9697F /* PBXContainerItemProxy */ = {
			isa = PBXContainerItemProxy;
			containerPortal = 873C85791F2632DD00E9697F /* Project object */;
			proxyType = 1;
			remoteGlobalIDString = 873C85801F2632DD00E9697F;
			remoteInfo = Project5;
		};
/* End PBXContainerItemProxy section */

/* Begin PBXFileReference section */
		009F5CCF9D0AF93C41259DF2 /* Pods-Project5.debug.xcconfig */ = {isa = PBXFileReference; includeInIndex = 1; lastKnownFileType = text.xcconfig; name = "Pods-Project5.debug.xcconfig"; path = "Pods/Target Support Files/Pods-Project5/Pods-Project5.debug.xcconfig"; sourceTree = "<group>"; };
		0B8503DD32807470255DEE2C /* Pods-Project5UITests.release.xcconfig */ = {isa = PBXFileReference; includeInIndex = 1; lastKnownFileType = text.xcconfig; name = "Pods-Project5UITests.release.xcconfig"; path = "Pods/Target Support Files/Pods-Project5UITests/Pods-Project5UITests.release.xcconfig"; sourceTree = "<group>"; };
		148305161FE2F8B8007F813D /* ShowDiaryViewController.swift */ = {isa = PBXFileReference; lastKnownFileType = sourcecode.swift; path = ShowDiaryViewController.swift; sourceTree = "<group>"; };
		14D874781FE353FC005BB52A /* ShowDiaryCollectionViewCell.swift */ = {isa = PBXFileReference; lastKnownFileType = sourcecode.swift; path = ShowDiaryCollectionViewCell.swift; sourceTree = "<group>"; };
		14D8747A1FE354E1005BB52A /* DiaryModel.swift */ = {isa = PBXFileReference; lastKnownFileType = sourcecode.swift; path = DiaryModel.swift; sourceTree = "<group>"; };
		14E4CEAB1FE2EE300069A1A2 /* CreateDiaryViewController.swift */ = {isa = PBXFileReference; lastKnownFileType = sourcecode.swift; path = CreateDiaryViewController.swift; sourceTree = "<group>"; };
		18B891488B0FF9A1AFDAA57E /* Pods-Project5Tests.release.xcconfig */ = {isa = PBXFileReference; includeInIndex = 1; lastKnownFileType = text.xcconfig; name = "Pods-Project5Tests.release.xcconfig"; path = "Pods/Target Support Files/Pods-Project5Tests/Pods-Project5Tests.release.xcconfig"; sourceTree = "<group>"; };
		57AB9133527887F15C13700E /* Pods_Project5.framework */ = {isa = PBXFileReference; explicitFileType = wrapper.framework; includeInIndex = 0; path = Pods_Project5.framework; sourceTree = BUILT_PRODUCTS_DIR; };
		7BC8885EE955D981D54BCAE6 /* Pods_Project5UITests.framework */ = {isa = PBXFileReference; explicitFileType = wrapper.framework; includeInIndex = 0; path = Pods_Project5UITests.framework; sourceTree = BUILT_PRODUCTS_DIR; };
		873C85811F2632DD00E9697F /* Project5.app */ = {isa = PBXFileReference; explicitFileType = wrapper.application; includeInIndex = 0; path = Project5.app; sourceTree = BUILT_PRODUCTS_DIR; };
		873C85841F2632DD00E9697F /* AppDelegate.swift */ = {isa = PBXFileReference; lastKnownFileType = sourcecode.swift; path = AppDelegate.swift; sourceTree = "<group>"; };
		873C85861F2632DD00E9697F /* HomePageViewController.swift */ = {isa = PBXFileReference; lastKnownFileType = sourcecode.swift; path = HomePageViewController.swift; sourceTree = "<group>"; };
		873C85891F2632DD00E9697F /* Base */ = {isa = PBXFileReference; lastKnownFileType = file.storyboard; name = Base; path = Base.lproj/Main.storyboard; sourceTree = "<group>"; };
		873C858B1F2632DD00E9697F /* Assets.xcassets */ = {isa = PBXFileReference; lastKnownFileType = folder.assetcatalog; path = Assets.xcassets; sourceTree = "<group>"; };
		873C858E1F2632DD00E9697F /* Base */ = {isa = PBXFileReference; lastKnownFileType = file.storyboard; name = Base; path = Base.lproj/LaunchScreen.storyboard; sourceTree = "<group>"; };
		873C85901F2632DD00E9697F /* Info.plist */ = {isa = PBXFileReference; lastKnownFileType = text.plist.xml; path = Info.plist; sourceTree = "<group>"; };
		873C85951F2632DD00E9697F /* Project5Tests.xctest */ = {isa = PBXFileReference; explicitFileType = wrapper.cfbundle; includeInIndex = 0; path = Project5Tests.xctest; sourceTree = BUILT_PRODUCTS_DIR; };
		873C85991F2632DD00E9697F /* Project5Tests.swift */ = {isa = PBXFileReference; lastKnownFileType = sourcecode.swift; path = Project5Tests.swift; sourceTree = "<group>"; };
		873C859B1F2632DD00E9697F /* Info.plist */ = {isa = PBXFileReference; lastKnownFileType = text.plist.xml; path = Info.plist; sourceTree = "<group>"; };
		873C85A01F2632DE00E9697F /* Project5UITests.xctest */ = {isa = PBXFileReference; explicitFileType = wrapper.cfbundle; includeInIndex = 0; path = Project5UITests.xctest; sourceTree = BUILT_PRODUCTS_DIR; };
		873C85A41F2632DE00E9697F /* Project5UITests.swift */ = {isa = PBXFileReference; lastKnownFileType = sourcecode.swift; path = Project5UITests.swift; sourceTree = "<group>"; };
		873C85A61F2632DE00E9697F /* Info.plist */ = {isa = PBXFileReference; lastKnownFileType = text.plist.xml; path = Info.plist; sourceTree = "<group>"; };
		873C85B31F263B0100E9697F /* RestaurantListViewController.swift */ = {isa = PBXFileReference; fileEncoding = 4; lastKnownFileType = sourcecode.swift; path = RestaurantListViewController.swift; sourceTree = "<group>"; };
		873C85B51F26454500E9697F /* AddRestaurantViewController.swift */ = {isa = PBXFileReference; fileEncoding = 4; lastKnownFileType = sourcecode.swift; path = AddRestaurantViewController.swift; sourceTree = "<group>"; };
		877251E71F2B972E00F3C92B /* RestaurantModel.swift */ = {isa = PBXFileReference; fileEncoding = 4; lastKnownFileType = sourcecode.swift; path = RestaurantModel.swift; sourceTree = "<group>"; };
		877251EF1F2BC4FE00F3C92B /* SearchResultViewController.swift */ = {isa = PBXFileReference; fileEncoding = 4; lastKnownFileType = sourcecode.swift; path = SearchResultViewController.swift; sourceTree = "<group>"; };
		87D14E581F2A73B70005C40D /* Project5.xcdatamodel */ = {isa = PBXFileReference; lastKnownFileType = wrapper.xcdatamodel; path = Project5.xcdatamodel; sourceTree = "<group>"; };
		87D14E5A1F2A83A20005C40D /* RestaurantListTableViewCell.swift */ = {isa = PBXFileReference; fileEncoding = 4; lastKnownFileType = sourcecode.swift; path = RestaurantListTableViewCell.swift; sourceTree = "<group>"; };
		9BFDD3C2A28253300B744808 /* Pods-Project5.release.xcconfig */ = {isa = PBXFileReference; includeInIndex = 1; lastKnownFileType = text.xcconfig; name = "Pods-Project5.release.xcconfig"; path = "Pods/Target Support Files/Pods-Project5/Pods-Project5.release.xcconfig"; sourceTree = "<group>"; };
		AD674C4ECA4DD1468C039B32 /* Pods-Project5UITests.debug.xcconfig */ = {isa = PBXFileReference; includeInIndex = 1; lastKnownFileType = text.xcconfig; name = "Pods-Project5UITests.debug.xcconfig"; path = "Pods/Target Support Files/Pods-Project5UITests/Pods-Project5UITests.debug.xcconfig"; sourceTree = "<group>"; };
		C0C75F19378B4B4AD9BE101E /* Pods_Project5Tests.framework */ = {isa = PBXFileReference; explicitFileType = wrapper.framework; includeInIndex = 0; path = Pods_Project5Tests.framework; sourceTree = BUILT_PRODUCTS_DIR; };
		CBDC8E07FD9AD0AD6CCEDF1F /* Pods-Project5Tests.debug.xcconfig */ = {isa = PBXFileReference; includeInIndex = 1; lastKnownFileType = text.xcconfig; name = "Pods-Project5Tests.debug.xcconfig"; path = "Pods/Target Support Files/Pods-Project5Tests/Pods-Project5Tests.debug.xcconfig"; sourceTree = "<group>"; };
/* End PBXFileReference section */

/* Begin PBXFrameworksBuildPhase section */
		873C857E1F2632DD00E9697F /* Frameworks */ = {
			isa = PBXFrameworksBuildPhase;
			buildActionMask = 2147483647;
			files = (
				7B197B643D0BB13B31383274 /* Pods_Project5.framework in Frameworks */,
			);
			runOnlyForDeploymentPostprocessing = 0;
		};
		873C85921F2632DD00E9697F /* Frameworks */ = {
			isa = PBXFrameworksBuildPhase;
			buildActionMask = 2147483647;
			files = (
				ACF0FF10CB2A3B7F57DC5DC5 /* Pods_Project5Tests.framework in Frameworks */,
			);
			runOnlyForDeploymentPostprocessing = 0;
		};
		873C859D1F2632DE00E9697F /* Frameworks */ = {
			isa = PBXFrameworksBuildPhase;
			buildActionMask = 2147483647;
			files = (
				E76774338FC549CA9EDC76C7 /* Pods_Project5UITests.framework in Frameworks */,
			);
			runOnlyForDeploymentPostprocessing = 0;
		};
/* End PBXFrameworksBuildPhase section */

/* Begin PBXGroup section */
		873C85781F2632DD00E9697F = {
			isa = PBXGroup;
			children = (
				873C85831F2632DD00E9697F /* Project5 */,
				873C85981F2632DD00E9697F /* Project5Tests */,
				873C85A31F2632DE00E9697F /* Project5UITests */,
				873C85821F2632DD00E9697F /* Products */,
				B61305B8EA6202408503CD96 /* Pods */,
				A9D91530EE7FBE5654007220 /* Frameworks */,
			);
			sourceTree = "<group>";
		};
		873C85821F2632DD00E9697F /* Products */ = {
			isa = PBXGroup;
			children = (
				873C85811F2632DD00E9697F /* Project5.app */,
				873C85951F2632DD00E9697F /* Project5Tests.xctest */,
				873C85A01F2632DE00E9697F /* Project5UITests.xctest */,
			);
			name = Products;
			sourceTree = "<group>";
		};
		873C85831F2632DD00E9697F /* Project5 */ = {
			isa = PBXGroup;
			children = (
				873C85B21F26331200E9697F /* Supporting Files */,
				873C85881F2632DD00E9697F /* Main.storyboard */,
				873C85861F2632DD00E9697F /* HomePageViewController.swift */,
				877251EF1F2BC4FE00F3C92B /* SearchResultViewController.swift */,
				14D874781FE353FC005BB52A /* ShowDiaryCollectionViewCell.swift */,
				14E4CEAB1FE2EE300069A1A2 /* CreateDiaryViewController.swift */,
				148305161FE2F8B8007F813D /* ShowDiaryViewController.swift */,
				873C85B31F263B0100E9697F /* RestaurantListViewController.swift */,
				87D14E5A1F2A83A20005C40D /* RestaurantListTableViewCell.swift */,
				873C85B51F26454500E9697F /* AddRestaurantViewController.swift */,
				877251E71F2B972E00F3C92B /* RestaurantModel.swift */,
				14D8747A1FE354E1005BB52A /* DiaryModel.swift */,
			);
			path = Project5;
			sourceTree = "<group>";
		};
		873C85981F2632DD00E9697F /* Project5Tests */ = {
			isa = PBXGroup;
			children = (
				873C85991F2632DD00E9697F /* Project5Tests.swift */,
				873C859B1F2632DD00E9697F /* Info.plist */,
			);
			path = Project5Tests;
			sourceTree = "<group>";
		};
		873C85A31F2632DE00E9697F /* Project5UITests */ = {
			isa = PBXGroup;
			children = (
				873C85A41F2632DE00E9697F /* Project5UITests.swift */,
				873C85A61F2632DE00E9697F /* Info.plist */,
			);
			path = Project5UITests;
			sourceTree = "<group>";
		};
		873C85B21F26331200E9697F /* Supporting Files */ = {
			isa = PBXGroup;
			children = (
				873C85841F2632DD00E9697F /* AppDelegate.swift */,
				873C858B1F2632DD00E9697F /* Assets.xcassets */,
				873C858D1F2632DD00E9697F /* LaunchScreen.storyboard */,
				873C85901F2632DD00E9697F /* Info.plist */,
				87D14E581F2A73B70005C40D /* Project5.xcdatamodel */,
			);
			name = "Supporting Files";
			sourceTree = "<group>";
		};
		A9D91530EE7FBE5654007220 /* Frameworks */ = {
			isa = PBXGroup;
			children = (
				C0C75F19378B4B4AD9BE101E /* Pods_Project5Tests.framework */,
				7BC8885EE955D981D54BCAE6 /* Pods_Project5UITests.framework */,
				57AB9133527887F15C13700E /* Pods_Project5.framework */,
			);
			name = Frameworks;
			sourceTree = "<group>";
		};
		B61305B8EA6202408503CD96 /* Pods */ = {
			isa = PBXGroup;
			children = (
				009F5CCF9D0AF93C41259DF2 /* Pods-Project5.debug.xcconfig */,
				9BFDD3C2A28253300B744808 /* Pods-Project5.release.xcconfig */,
				CBDC8E07FD9AD0AD6CCEDF1F /* Pods-Project5Tests.debug.xcconfig */,
				18B891488B0FF9A1AFDAA57E /* Pods-Project5Tests.release.xcconfig */,
				AD674C4ECA4DD1468C039B32 /* Pods-Project5UITests.debug.xcconfig */,
				0B8503DD32807470255DEE2C /* Pods-Project5UITests.release.xcconfig */,
			);
			name = Pods;
			sourceTree = "<group>";
		};
/* End PBXGroup section */

/* Begin PBXNativeTarget section */
		873C85801F2632DD00E9697F /* Project5 */ = {
			isa = PBXNativeTarget;
			buildConfigurationList = 873C85A91F2632DE00E9697F /* Build configuration list for PBXNativeTarget "Project5" */;
			buildPhases = (
				4E0607E18D2DA14200D51BE5 /* [CP] Check Pods Manifest.lock */,
				873C857D1F2632DD00E9697F /* Sources */,
				873C857E1F2632DD00E9697F /* Frameworks */,
				873C857F1F2632DD00E9697F /* Resources */,
				5A098A2CD22E7008EC07E9D7 /* [CP] Embed Pods Frameworks */,
				8DA0873210102BBDF7EA343B /* [CP] Copy Pods Resources */,
			);
			buildRules = (
			);
			dependencies = (
			);
			name = Project5;
			productName = Project5;
			productReference = 873C85811F2632DD00E9697F /* Project5.app */;
			productType = "com.apple.product-type.application";
		};
		873C85941F2632DD00E9697F /* Project5Tests */ = {
			isa = PBXNativeTarget;
			buildConfigurationList = 873C85AC1F2632DE00E9697F /* Build configuration list for PBXNativeTarget "Project5Tests" */;
			buildPhases = (
				C126FF12B5CBD085030D1A34 /* [CP] Check Pods Manifest.lock */,
				873C85911F2632DD00E9697F /* Sources */,
				873C85921F2632DD00E9697F /* Frameworks */,
				873C85931F2632DD00E9697F /* Resources */,
				901A0A12E403366836CE22D9 /* [CP] Embed Pods Frameworks */,
				61E845772D6C19ABE6CA17D0 /* [CP] Copy Pods Resources */,
			);
			buildRules = (
			);
			dependencies = (
				873C85971F2632DD00E9697F /* PBXTargetDependency */,
			);
			name = Project5Tests;
			productName = Project5Tests;
			productReference = 873C85951F2632DD00E9697F /* Project5Tests.xctest */;
			productType = "com.apple.product-type.bundle.unit-test";
		};
		873C859F1F2632DE00E9697F /* Project5UITests */ = {
			isa = PBXNativeTarget;
			buildConfigurationList = 873C85AF1F2632DE00E9697F /* Build configuration list for PBXNativeTarget "Project5UITests" */;
			buildPhases = (
				DC7E6CF7DB1E5DFCC141A7F9 /* [CP] Check Pods Manifest.lock */,
				873C859C1F2632DE00E9697F /* Sources */,
				873C859D1F2632DE00E9697F /* Frameworks */,
				873C859E1F2632DE00E9697F /* Resources */,
				1A99332301C6FB9983BA8115 /* [CP] Embed Pods Frameworks */,
				02578FC643275183D1270CF0 /* [CP] Copy Pods Resources */,
			);
			buildRules = (
			);
			dependencies = (
				873C85A21F2632DE00E9697F /* PBXTargetDependency */,
			);
			name = Project5UITests;
			productName = Project5UITests;
			productReference = 873C85A01F2632DE00E9697F /* Project5UITests.xctest */;
			productType = "com.apple.product-type.bundle.ui-testing";
		};
/* End PBXNativeTarget section */

/* Begin PBXProject section */
		873C85791F2632DD00E9697F /* Project object */ = {
			isa = PBXProject;
			attributes = {
				LastSwiftUpdateCheck = 0820;
				LastUpgradeCheck = 0900;
				ORGANIZATIONNAME = "Huang, Chien Jung (UMSL-Student)";
				TargetAttributes = {
					873C85801F2632DD00E9697F = {
						CreatedOnToolsVersion = 8.2;
						DevelopmentTeam = 4Z92BYL4K6;
						LastSwiftMigration = 0900;
						ProvisioningStyle = Automatic;
					};
					873C85941F2632DD00E9697F = {
						CreatedOnToolsVersion = 8.2;
						LastSwiftMigration = 0900;
						ProvisioningStyle = Automatic;
						TestTargetID = 873C85801F2632DD00E9697F;
					};
					873C859F1F2632DE00E9697F = {
						CreatedOnToolsVersion = 8.2;
						LastSwiftMigration = 0900;
						ProvisioningStyle = Automatic;
						TestTargetID = 873C85801F2632DD00E9697F;
					};
				};
			};
			buildConfigurationList = 873C857C1F2632DD00E9697F /* Build configuration list for PBXProject "Project5" */;
			compatibilityVersion = "Xcode 3.2";
			developmentRegion = English;
			hasScannedForEncodings = 0;
			knownRegions = (
				en,
				Base,
			);
			mainGroup = 873C85781F2632DD00E9697F;
			productRefGroup = 873C85821F2632DD00E9697F /* Products */;
			projectDirPath = "";
			projectRoot = "";
			targets = (
				873C85801F2632DD00E9697F /* Project5 */,
				873C85941F2632DD00E9697F /* Project5Tests */,
				873C859F1F2632DE00E9697F /* Project5UITests */,
			);
		};
/* End PBXProject section */

/* Begin PBXResourcesBuildPhase section */
		873C857F1F2632DD00E9697F /* Resources */ = {
			isa = PBXResourcesBuildPhase;
			buildActionMask = 2147483647;
			files = (
				873C858F1F2632DD00E9697F /* LaunchScreen.storyboard in Resources */,
				873C858C1F2632DD00E9697F /* Assets.xcassets in Resources */,
				873C858A1F2632DD00E9697F /* Main.storyboard in Resources */,
			);
			runOnlyForDeploymentPostprocessing = 0;
		};
		873C85931F2632DD00E9697F /* Resources */ = {
			isa = PBXResourcesBuildPhase;
			buildActionMask = 2147483647;
			files = (
			);
			runOnlyForDeploymentPostprocessing = 0;
		};
		873C859E1F2632DE00E9697F /* Resources */ = {
			isa = PBXResourcesBuildPhase;
			buildActionMask = 2147483647;
			files = (
			);
			runOnlyForDeploymentPostprocessing = 0;
		};
/* End PBXResourcesBuildPhase section */

/* Begin PBXShellScriptBuildPhase section */
		02578FC643275183D1270CF0 /* [CP] Copy Pods Resources */ = {
			isa = PBXShellScriptBuildPhase;
			buildActionMask = 2147483647;
			files = (
			);
			inputPaths = (
			);
			name = "[CP] Copy Pods Resources";
			outputPaths = (
			);
			runOnlyForDeploymentPostprocessing = 0;
			shellPath = /bin/sh;
			shellScript = "\"${SRCROOT}/Pods/Target Support Files/Pods-Project5UITests/Pods-Project5UITests-resources.sh\"\n";
			showEnvVarsInLog = 0;
		};
		1A99332301C6FB9983BA8115 /* [CP] Embed Pods Frameworks */ = {
			isa = PBXShellScriptBuildPhase;
			buildActionMask = 2147483647;
			files = (
			);
			inputPaths = (
			);
			name = "[CP] Embed Pods Frameworks";
			outputPaths = (
			);
			runOnlyForDeploymentPostprocessing = 0;
			shellPath = /bin/sh;
			shellScript = "\"${SRCROOT}/Pods/Target Support Files/Pods-Project5UITests/Pods-Project5UITests-frameworks.sh\"\n";
			showEnvVarsInLog = 0;
		};
		4E0607E18D2DA14200D51BE5 /* [CP] Check Pods Manifest.lock */ = {
			isa = PBXShellScriptBuildPhase;
			buildActionMask = 2147483647;
			files = (
			);
			inputPaths = (
				"${PODS_PODFILE_DIR_PATH}/Podfile.lock",
				"${PODS_ROOT}/Manifest.lock",
			);
			name = "[CP] Check Pods Manifest.lock";
			outputPaths = (
				"$(DERIVED_FILE_DIR)/Pods-Project5-checkManifestLockResult.txt",
			);
			runOnlyForDeploymentPostprocessing = 0;
			shellPath = /bin/sh;
			shellScript = "diff \"${PODS_PODFILE_DIR_PATH}/Podfile.lock\" \"${PODS_ROOT}/Manifest.lock\" > /dev/null\nif [ $? != 0 ] ; then\n    # print error to STDERR\n    echo \"error: The sandbox is not in sync with the Podfile.lock. Run 'pod install' or update your CocoaPods installation.\" >&2\n    exit 1\nfi\n# This output is used by Xcode 'outputs' to avoid re-running this script phase.\necho \"SUCCESS\" > \"${SCRIPT_OUTPUT_FILE_0}\"\n";
			showEnvVarsInLog = 0;
		};
		5A098A2CD22E7008EC07E9D7 /* [CP] Embed Pods Frameworks */ = {
			isa = PBXShellScriptBuildPhase;
			buildActionMask = 2147483647;
			files = (
			);
			inputPaths = (
			);
			name = "[CP] Embed Pods Frameworks";
			outputPaths = (
			);
			runOnlyForDeploymentPostprocessing = 0;
			shellPath = /bin/sh;
			shellScript = "\"${SRCROOT}/Pods/Target Support Files/Pods-Project5/Pods-Project5-frameworks.sh\"\n";
			showEnvVarsInLog = 0;
		};
		61E845772D6C19ABE6CA17D0 /* [CP] Copy Pods Resources */ = {
			isa = PBXShellScriptBuildPhase;
			buildActionMask = 2147483647;
			files = (
			);
			inputPaths = (
			);
			name = "[CP] Copy Pods Resources";
			outputPaths = (
			);
			runOnlyForDeploymentPostprocessing = 0;
			shellPath = /bin/sh;
			shellScript = "\"${SRCROOT}/Pods/Target Support Files/Pods-Project5Tests/Pods-Project5Tests-resources.sh\"\n";
			showEnvVarsInLog = 0;
		};
		8DA0873210102BBDF7EA343B /* [CP] Copy Pods Resources */ = {
			isa = PBXShellScriptBuildPhase;
			buildActionMask = 2147483647;
			files = (
			);
			inputPaths = (
			);
			name = "[CP] Copy Pods Resources";
			outputPaths = (
			);
			runOnlyForDeploymentPostprocessing = 0;
			shellPath = /bin/sh;
			shellScript = "\"${SRCROOT}/Pods/Target Support Files/Pods-Project5/Pods-Project5-resources.sh\"\n";
			showEnvVarsInLog = 0;
		};
		901A0A12E403366836CE22D9 /* [CP] Embed Pods Frameworks */ = {
			isa = PBXShellScriptBuildPhase;
			buildActionMask = 2147483647;
			files = (
			);
			inputPaths = (
			);
			name = "[CP] Embed Pods Frameworks";
			outputPaths = (
			);
			runOnlyForDeploymentPostprocessing = 0;
			shellPath = /bin/sh;
			shellScript = "\"${SRCROOT}/Pods/Target Support Files/Pods-Project5Tests/Pods-Project5Tests-frameworks.sh\"\n";
			showEnvVarsInLog = 0;
		};
		C126FF12B5CBD085030D1A34 /* [CP] Check Pods Manifest.lock */ = {
			isa = PBXShellScriptBuildPhase;
			buildActionMask = 2147483647;
			files = (
			);
			inputPaths = (
				"${PODS_PODFILE_DIR_PATH}/Podfile.lock",
				"${PODS_ROOT}/Manifest.lock",
			);
			name = "[CP] Check Pods Manifest.lock";
			outputPaths = (
				"$(DERIVED_FILE_DIR)/Pods-Project5Tests-checkManifestLockResult.txt",
			);
			runOnlyForDeploymentPostprocessing = 0;
			shellPath = /bin/sh;
			shellScript = "diff \"${PODS_PODFILE_DIR_PATH}/Podfile.lock\" \"${PODS_ROOT}/Manifest.lock\" > /dev/null\nif [ $? != 0 ] ; then\n    # print error to STDERR\n    echo \"error: The sandbox is not in sync with the Podfile.lock. Run 'pod install' or update your CocoaPods installation.\" >&2\n    exit 1\nfi\n# This output is used by Xcode 'outputs' to avoid re-running this script phase.\necho \"SUCCESS\" > \"${SCRIPT_OUTPUT_FILE_0}\"\n";
			showEnvVarsInLog = 0;
		};
		DC7E6CF7DB1E5DFCC141A7F9 /* [CP] Check Pods Manifest.lock */ = {
			isa = PBXShellScriptBuildPhase;
			buildActionMask = 2147483647;
			files = (
			);
			inputPaths = (
				"${PODS_PODFILE_DIR_PATH}/Podfile.lock",
				"${PODS_ROOT}/Manifest.lock",
			);
			name = "[CP] Check Pods Manifest.lock";
			outputPaths = (
				"$(DERIVED_FILE_DIR)/Pods-Project5UITests-checkManifestLockResult.txt",
			);
			runOnlyForDeploymentPostprocessing = 0;
			shellPath = /bin/sh;
			shellScript = "diff \"${PODS_PODFILE_DIR_PATH}/Podfile.lock\" \"${PODS_ROOT}/Manifest.lock\" > /dev/null\nif [ $? != 0 ] ; then\n    # print error to STDERR\n    echo \"error: The sandbox is not in sync with the Podfile.lock. Run 'pod install' or update your CocoaPods installation.\" >&2\n    exit 1\nfi\n# This output is used by Xcode 'outputs' to avoid re-running this script phase.\necho \"SUCCESS\" > \"${SCRIPT_OUTPUT_FILE_0}\"\n";
			showEnvVarsInLog = 0;
		};
/* End PBXShellScriptBuildPhase section */

/* Begin PBXSourcesBuildPhase section */
		873C857D1F2632DD00E9697F /* Sources */ = {
			isa = PBXSourcesBuildPhase;
			buildActionMask = 2147483647;
			files = (
				87D14E5B1F2A83A20005C40D /* RestaurantListTableViewCell.swift in Sources */,
				14D8747B1FE354E1005BB52A /* DiaryModel.swift in Sources */,
				873C85871F2632DD00E9697F /* HomePageViewController.swift in Sources */,
				877251E81F2B972E00F3C92B /* RestaurantModel.swift in Sources */,
				873C85B41F263B0100E9697F /* RestaurantListViewController.swift in Sources */,
				87D14E591F2A73B70005C40D /* Project5.xcdatamodel in Sources */,
				148305171FE2F8B8007F813D /* ShowDiaryViewController.swift in Sources */,
				873C85851F2632DD00E9697F /* AppDelegate.swift in Sources */,
				14E4CEAC1FE2EE300069A1A2 /* CreateDiaryViewController.swift in Sources */,
				877251F01F2BC4FE00F3C92B /* SearchResultViewController.swift in Sources */,
				873C85B61F26454500E9697F /* AddRestaurantViewController.swift in Sources */,
				14D874791FE353FC005BB52A /* ShowDiaryCollectionViewCell.swift in Sources */,
			);
			runOnlyForDeploymentPostprocessing = 0;
		};
		873C85911F2632DD00E9697F /* Sources */ = {
			isa = PBXSourcesBuildPhase;
			buildActionMask = 2147483647;
			files = (
				873C859A1F2632DD00E9697F /* Project5Tests.swift in Sources */,
			);
			runOnlyForDeploymentPostprocessing = 0;
		};
		873C859C1F2632DE00E9697F /* Sources */ = {
			isa = PBXSourcesBuildPhase;
			buildActionMask = 2147483647;
			files = (
				873C85A51F2632DE00E9697F /* Project5UITests.swift in Sources */,
			);
			runOnlyForDeploymentPostprocessing = 0;
		};
/* End PBXSourcesBuildPhase section */

/* Begin PBXTargetDependency section */
		873C85971F2632DD00E9697F /* PBXTargetDependency */ = {
			isa = PBXTargetDependency;
			target = 873C85801F2632DD00E9697F /* Project5 */;
			targetProxy = 873C85961F2632DD00E9697F /* PBXContainerItemProxy */;
		};
		873C85A21F2632DE00E9697F /* PBXTargetDependency */ = {
			isa = PBXTargetDependency;
			target = 873C85801F2632DD00E9697F /* Project5 */;
			targetProxy = 873C85A11F2632DE00E9697F /* PBXContainerItemProxy */;
		};
/* End PBXTargetDependency section */

/* Begin PBXVariantGroup section */
		873C85881F2632DD00E9697F /* Main.storyboard */ = {
			isa = PBXVariantGroup;
			children = (
				873C85891F2632DD00E9697F /* Base */,
			);
			name = Main.storyboard;
			sourceTree = "<group>";
		};
		873C858D1F2632DD00E9697F /* LaunchScreen.storyboard */ = {
			isa = PBXVariantGroup;
			children = (
				873C858E1F2632DD00E9697F /* Base */,
			);
			name = LaunchScreen.storyboard;
			sourceTree = "<group>";
		};
/* End PBXVariantGroup section */

/* Begin XCBuildConfiguration section */
		873C85A71F2632DE00E9697F /* Debug */ = {
			isa = XCBuildConfiguration;
			buildSettings = {
				ALWAYS_SEARCH_USER_PATHS = NO;
				CLANG_ANALYZER_NONNULL = YES;
				CLANG_CXX_LANGUAGE_STANDARD = "gnu++0x";
				CLANG_CXX_LIBRARY = "libc++";
				CLANG_ENABLE_MODULES = YES;
				CLANG_ENABLE_OBJC_ARC = YES;
				CLANG_WARN_BLOCK_CAPTURE_AUTORELEASING = YES;
				CLANG_WARN_BOOL_CONVERSION = YES;
				CLANG_WARN_COMMA = YES;
				CLANG_WARN_CONSTANT_CONVERSION = YES;
				CLANG_WARN_DIRECT_OBJC_ISA_USAGE = YES_ERROR;
				CLANG_WARN_DOCUMENTATION_COMMENTS = YES;
				CLANG_WARN_EMPTY_BODY = YES;
				CLANG_WARN_ENUM_CONVERSION = YES;
				CLANG_WARN_INFINITE_RECURSION = YES;
				CLANG_WARN_INT_CONVERSION = YES;
				CLANG_WARN_NON_LITERAL_NULL_CONVERSION = YES;
				CLANG_WARN_OBJC_LITERAL_CONVERSION = YES;
				CLANG_WARN_OBJC_ROOT_CLASS = YES_ERROR;
				CLANG_WARN_RANGE_LOOP_ANALYSIS = YES;
				CLANG_WARN_STRICT_PROTOTYPES = YES;
				CLANG_WARN_SUSPICIOUS_MOVE = YES;
				CLANG_WARN_UNREACHABLE_CODE = YES;
				CLANG_WARN__DUPLICATE_METHOD_MATCH = YES;
				"CODE_SIGN_IDENTITY[sdk=iphoneos*]" = "iPhone Developer";
				COPY_PHASE_STRIP = NO;
				DEBUG_INFORMATION_FORMAT = dwarf;
				ENABLE_STRICT_OBJC_MSGSEND = YES;
				ENABLE_TESTABILITY = YES;
				GCC_C_LANGUAGE_STANDARD = gnu99;
				GCC_DYNAMIC_NO_PIC = NO;
				GCC_NO_COMMON_BLOCKS = YES;
				GCC_OPTIMIZATION_LEVEL = 0;
				GCC_PREPROCESSOR_DEFINITIONS = (
					"DEBUG=1",
					"$(inherited)",
				);
				GCC_WARN_64_TO_32_BIT_CONVERSION = YES;
				GCC_WARN_ABOUT_RETURN_TYPE = YES_ERROR;
				GCC_WARN_UNDECLARED_SELECTOR = YES;
				GCC_WARN_UNINITIALIZED_AUTOS = YES_AGGRESSIVE;
				GCC_WARN_UNUSED_FUNCTION = YES;
				GCC_WARN_UNUSED_VARIABLE = YES;
				IPHONEOS_DEPLOYMENT_TARGET = 11.0;
				MTL_ENABLE_DEBUG_INFO = YES;
				ONLY_ACTIVE_ARCH = YES;
				SDKROOT = iphoneos;
				SWIFT_ACTIVE_COMPILATION_CONDITIONS = DEBUG;
				SWIFT_OPTIMIZATION_LEVEL = "-Onone";
				TARGETED_DEVICE_FAMILY = "1,2";
			};
			name = Debug;
		};
		873C85A81F2632DE00E9697F /* Release */ = {
			isa = XCBuildConfiguration;
			buildSettings = {
				ALWAYS_SEARCH_USER_PATHS = NO;
				CLANG_ANALYZER_NONNULL = YES;
				CLANG_CXX_LANGUAGE_STANDARD = "gnu++0x";
				CLANG_CXX_LIBRARY = "libc++";
				CLANG_ENABLE_MODULES = YES;
				CLANG_ENABLE_OBJC_ARC = YES;
				CLANG_WARN_BLOCK_CAPTURE_AUTORELEASING = YES;
				CLANG_WARN_BOOL_CONVERSION = YES;
				CLANG_WARN_COMMA = YES;
				CLANG_WARN_CONSTANT_CONVERSION = YES;
				CLANG_WARN_DIRECT_OBJC_ISA_USAGE = YES_ERROR;
				CLANG_WARN_DOCUMENTATION_COMMENTS = YES;
				CLANG_WARN_EMPTY_BODY = YES;
				CLANG_WARN_ENUM_CONVERSION = YES;
				CLANG_WARN_INFINITE_RECURSION = YES;
				CLANG_WARN_INT_CONVERSION = YES;
				CLANG_WARN_NON_LITERAL_NULL_CONVERSION = YES;
				CLANG_WARN_OBJC_LITERAL_CONVERSION = YES;
				CLANG_WARN_OBJC_ROOT_CLASS = YES_ERROR;
				CLANG_WARN_RANGE_LOOP_ANALYSIS = YES;
				CLANG_WARN_STRICT_PROTOTYPES = YES;
				CLANG_WARN_SUSPICIOUS_MOVE = YES;
				CLANG_WARN_UNREACHABLE_CODE = YES;
				CLANG_WARN__DUPLICATE_METHOD_MATCH = YES;
				"CODE_SIGN_IDENTITY[sdk=iphoneos*]" = "iPhone Developer";
				COPY_PHASE_STRIP = NO;
				DEBUG_INFORMATION_FORMAT = "dwarf-with-dsym";
				ENABLE_NS_ASSERTIONS = NO;
				ENABLE_STRICT_OBJC_MSGSEND = YES;
				GCC_C_LANGUAGE_STANDARD = gnu99;
				GCC_NO_COMMON_BLOCKS = YES;
				GCC_WARN_64_TO_32_BIT_CONVERSION = YES;
				GCC_WARN_ABOUT_RETURN_TYPE = YES_ERROR;
				GCC_WARN_UNDECLARED_SELECTOR = YES;
				GCC_WARN_UNINITIALIZED_AUTOS = YES_AGGRESSIVE;
				GCC_WARN_UNUSED_FUNCTION = YES;
				GCC_WARN_UNUSED_VARIABLE = YES;
				IPHONEOS_DEPLOYMENT_TARGET = 11.0;
				MTL_ENABLE_DEBUG_INFO = NO;
				SDKROOT = iphoneos;
				SWIFT_OPTIMIZATION_LEVEL = "-Owholemodule";
				TARGETED_DEVICE_FAMILY = "1,2";
				VALIDATE_PRODUCT = YES;
			};
			name = Release;
		};
		873C85AA1F2632DE00E9697F /* Debug */ = {
			isa = XCBuildConfiguration;
			baseConfigurationReference = 009F5CCF9D0AF93C41259DF2 /* Pods-Project5.debug.xcconfig */;
			buildSettings = {
				ASSETCATALOG_COMPILER_APPICON_NAME = AppIcon;
				DEVELOPMENT_TEAM = 4Z92BYL4K6;
				INFOPLIST_FILE = Project5/Info.plist;
				LD_RUNPATH_SEARCH_PATHS = "$(inherited) @executable_path/Frameworks";
				PRODUCT_BUNDLE_IDENTIFIER = chpr3.Project5;
				PRODUCT_NAME = "$(TARGET_NAME)";
				SWIFT_SWIFT3_OBJC_INFERENCE = On;
				SWIFT_VERSION = 4.0;
				USER_HEADER_SEARCH_PATHS = "Pods/**";
			};
			name = Debug;
		};
		873C85AB1F2632DE00E9697F /* Release */ = {
			isa = XCBuildConfiguration;
			baseConfigurationReference = 9BFDD3C2A28253300B744808 /* Pods-Project5.release.xcconfig */;
			buildSettings = {
				ASSETCATALOG_COMPILER_APPICON_NAME = AppIcon;
				DEVELOPMENT_TEAM = 4Z92BYL4K6;
				INFOPLIST_FILE = Project5/Info.plist;
				LD_RUNPATH_SEARCH_PATHS = "$(inherited) @executable_path/Frameworks";
				PRODUCT_BUNDLE_IDENTIFIER = chpr3.Project5;
				PRODUCT_NAME = "$(TARGET_NAME)";
				SWIFT_SWIFT3_OBJC_INFERENCE = On;
				SWIFT_VERSION = 4.0;
				USER_HEADER_SEARCH_PATHS = "Pods/**";
			};
			name = Release;
		};
		873C85AD1F2632DE00E9697F /* Debug */ = {
			isa = XCBuildConfiguration;
			baseConfigurationReference = CBDC8E07FD9AD0AD6CCEDF1F /* Pods-Project5Tests.debug.xcconfig */;
			buildSettings = {
				ALWAYS_EMBED_SWIFT_STANDARD_LIBRARIES = YES;
				BUNDLE_LOADER = "$(TEST_HOST)";
				INFOPLIST_FILE = Project5Tests/Info.plist;
				LD_RUNPATH_SEARCH_PATHS = "$(inherited) @executable_path/Frameworks @loader_path/Frameworks";
				PRODUCT_BUNDLE_IDENTIFIER = chpr3.Project5Tests;
				PRODUCT_NAME = "$(TARGET_NAME)";
				SWIFT_SWIFT3_OBJC_INFERENCE = On;
				SWIFT_VERSION = 4.0;
				TEST_HOST = "$(BUILT_PRODUCTS_DIR)/Project5.app/Project5";
			};
			name = Debug;
		};
		873C85AE1F2632DE00E9697F /* Release */ = {
			isa = XCBuildConfiguration;
			baseConfigurationReference = 18B891488B0FF9A1AFDAA57E /* Pods-Project5Tests.release.xcconfig */;
			buildSettings = {
				ALWAYS_EMBED_SWIFT_STANDARD_LIBRARIES = YES;
				BUNDLE_LOADER = "$(TEST_HOST)";
				INFOPLIST_FILE = Project5Tests/Info.plist;
				LD_RUNPATH_SEARCH_PATHS = "$(inherited) @executable_path/Frameworks @loader_path/Frameworks";
				PRODUCT_BUNDLE_IDENTIFIER = chpr3.Project5Tests;
				PRODUCT_NAME = "$(TARGET_NAME)";
				SWIFT_SWIFT3_OBJC_INFERENCE = On;
				SWIFT_VERSION = 4.0;
				TEST_HOST = "$(BUILT_PRODUCTS_DIR)/Project5.app/Project5";
			};
			name = Release;
		};
		873C85B01F2632DE00E9697F /* Debug */ = {
			isa = XCBuildConfiguration;
			baseConfigurationReference = AD674C4ECA4DD1468C039B32 /* Pods-Project5UITests.debug.xcconfig */;
			buildSettings = {
				ALWAYS_EMBED_SWIFT_STANDARD_LIBRARIES = YES;
				INFOPLIST_FILE = Project5UITests/Info.plist;
				LD_RUNPATH_SEARCH_PATHS = "$(inherited) @executable_path/Frameworks @loader_path/Frameworks";
				PRODUCT_BUNDLE_IDENTIFIER = chpr3.Project5UITests;
				PRODUCT_NAME = "$(TARGET_NAME)";
				SWIFT_SWIFT3_OBJC_INFERENCE = On;
				SWIFT_VERSION = 4.0;
				TEST_TARGET_NAME = Project5;
			};
			name = Debug;
		};
		873C85B11F2632DE00E9697F /* Release */ = {
			isa = XCBuildConfiguration;
			baseConfigurationReference = 0B8503DD32807470255DEE2C /* Pods-Project5UITests.release.xcconfig */;
			buildSettings = {
				ALWAYS_EMBED_SWIFT_STANDARD_LIBRARIES = YES;
				INFOPLIST_FILE = Project5UITests/Info.plist;
				LD_RUNPATH_SEARCH_PATHS = "$(inherited) @executable_path/Frameworks @loader_path/Frameworks";
				PRODUCT_BUNDLE_IDENTIFIER = chpr3.Project5UITests;
				PRODUCT_NAME = "$(TARGET_NAME)";
				SWIFT_SWIFT3_OBJC_INFERENCE = On;
				SWIFT_VERSION = 4.0;
				TEST_TARGET_NAME = Project5;
			};
			name = Release;
		};
/* End XCBuildConfiguration section */

/* Begin XCConfigurationList section */
		873C857C1F2632DD00E9697F /* Build configuration list for PBXProject "Project5" */ = {
			isa = XCConfigurationList;
			buildConfigurations = (
				873C85A71F2632DE00E9697F /* Debug */,
				873C85A81F2632DE00E9697F /* Release */,
			);
			defaultConfigurationIsVisible = 0;
			defaultConfigurationName = Release;
		};
		873C85A91F2632DE00E9697F /* Build configuration list for PBXNativeTarget "Project5" */ = {
			isa = XCConfigurationList;
			buildConfigurations = (
				873C85AA1F2632DE00E9697F /* Debug */,
				873C85AB1F2632DE00E9697F /* Release */,
			);
			defaultConfigurationIsVisible = 0;
			defaultConfigurationName = Release;
		};
		873C85AC1F2632DE00E9697F /* Build configuration list for PBXNativeTarget "Project5Tests" */ = {
			isa = XCConfigurationList;
			buildConfigurations = (
				873C85AD1F2632DE00E9697F /* Debug */,
				873C85AE1F2632DE00E9697F /* Release */,
			);
			defaultConfigurationIsVisible = 0;
			defaultConfigurationName = Release;
		};
		873C85AF1F2632DE00E9697F /* Build configuration list for PBXNativeTarget "Project5UITests" */ = {
			isa = XCConfigurationList;
			buildConfigurations = (
				873C85B01F2632DE00E9697F /* Debug */,
				873C85B11F2632DE00E9697F /* Release */,
			);
			defaultConfigurationIsVisible = 0;
			defaultConfigurationName = Release;
		};
/* End XCConfigurationList section */
	};
	rootObject = 873C85791F2632DD00E9697F /* Project object */;
}
